
Microsoft Visual Studio Solution File, Format Version 12.00
# Visual Studio Version 17
VisualStudioVersion = 17.0.31919.166
MinimumVisualStudioVersion = 10.0.40219.1
Project("{9A19103F-16F7-4668-BE54-9A1E7A4F7556}") = "ZeroNull.Hue.Api.ClipV2", "ZeroNull.Hue.Api.ClipV2\ZeroNull.Hue.Api.ClipV2.csproj", "{16F2F4BE-1F68-41E0-8B65-F5A3EDAFC7B0}"
EndProject
Project("{9A19103F-16F7-4668-BE54-9A1E7A4F7556}") = "ZeroNull.Hue", "ZeroNull.Hue\ZeroNull.Hue.csproj", "{7B447F79-E7BA-4BE2-A142-73C5898638C9}"
EndProject
Project("{9A19103F-16F7-4668-BE54-9A1E7A4F7556}") = "ZeroNull.Hue.Tests", "ZeroNull.Hue.Tests\ZeroNull.Hue.Tests.csproj", "{286B16C1-0D5C-46CE-B290-E238ED67C865}"
EndProject
Global
	GlobalSection(SolutionConfigurationPlatforms) = preSolution
		Debug|Any CPU = Debug|Any CPU
		Release|Any CPU = Release|Any CPU
	EndGlobalSection
	GlobalSection(ProjectConfigurationPlatforms) = postSolution
		{16F2F4BE-1F68-41E0-8B65-F5A3EDAFC7B0}.Debug|Any CPU.ActiveCfg = Debug|Any CPU
		{16F2F4BE-1F68-41E0-8B65-F5A3EDAFC7B0}.Debug|Any CPU.Build.0 = Debug|Any CPU
		{16F2F4BE-1F68-41E0-8B65-F5A3EDAFC7B0}.Release|Any CPU.ActiveCfg = Release|Any CPU
		{16F2F4BE-1F68-41E0-8B65-F5A3EDAFC7B0}.Release|Any CPU.Build.0 = Release|Any CPU
		{7B447F79-E7BA-4BE2-A142-73C5898638C9}.Debug|Any CPU.ActiveCfg = Debug|Any CPU
		{7B447F79-E7BA-4BE2-A142-73C5898638C9}.Debug|Any CPU.Build.0 = Debug|Any CPU
		{7B447F79-E7BA-4BE2-A142-73C5898638C9}.Release|Any CPU.ActiveCfg = Release|Any CPU
		{7B447F79-E7BA-4BE2-A142-73C5898638C9}.Release|Any CPU.Build.0 = Release|Any CPU
		{286B16C1-0D5C-46CE-B290-E238ED67C865}.Debug|Any CPU.ActiveCfg = Debug|Any CPU
		{286B16C1-0D5C-46CE-B290-E238ED67C865}.Debug|Any CPU.Build.0 = Debug|Any CPU
		{286B16C1-0D5C-46CE-B290-E238ED67C865}.Release|Any CPU.ActiveCfg = Release|Any CPU
		{286B16C1-0D5C-46CE-B290-E238ED67C865}.Release|Any CPU.Build.0 = Release|Any CPU
	EndGlobalSection
	GlobalSection(SolutionProperties) = preSolution
		HideSolutionNode = FALSE
	EndGlobalSection
	GlobalSection(ExtensibilityGlobals) = postSolution
		SolutionGuid = {5748E91D-82D9-4EED-AB7C-F952AFC1DA64}
	EndGlobalSection
EndGlobal
